Microsoft Visual Studio Solution File, Format Version 12.00
# Visual Studio Version 17
VisualStudioVersion = 17.5.2.0
MinimumVisualStudioVersion = 10.0.40219.1
Project("{FAE04EC0-301F-11D3-BF4B-00C04F79EFBC}") = "ProfileBookAPI", "ProfileBookAPI.csproj", "{A00F5931-B5CA-0F72-EA6F-758B099EA5C8}"
EndProject
Global
	GlobalSection(SolutionConfigurationPlatforms) = preSolution
		Debug|Any CPU = Debug|Any CPU
		Release|Any CPU = Release|Any CPU
	EndGlobalSection
	GlobalSection(ProjectConfigurationPlatforms) = postSolution
		{A00F5931-B5CA-0F72-EA6F-758B099EA5C8}.Debug|Any CPU.ActiveCfg = Debug|Any CPU
		{A00F5931-B5CA-0F72-EA6F-758B099EA5C8}.Debug|Any CPU.Build.0 = Debug|Any CPU
		{A00F5931-B5CA-0F72-EA6F-758B099EA5C8}.Release|Any CPU.ActiveCfg = Release|Any CPU
		{A00F5931-B5CA-0F72-EA6F-758B099EA5C8}.Release|Any CPU.Build.0 = Release|Any CPU
	EndGlobalSection
	GlobalSection(SolutionProperties) = preSolution
		HideSolutionNode = FALSE
	EndGlobalSection
	GlobalSection(ExtensibilityGlobals) = postSolution
		SolutionGuid = {D66B165E-A42B-4EBF-83D6-17B7FED2839D}
	EndGlobalSection
EndGlobal
